version = 1
revision = 3
requires-python = ">=3.13"
resolution-markers = [
    "python_full_version >= '3.14'",
    "python_full_version < '3.14'",
]

[[package]]
name = "colorama"
version = "0.4.6"
source = { registry = "https://pypi.org/simple" }
sdist = { url = "https://files.pythonhosted.org/packages/d8/53/6f443c9a4a8358a93a6792e2acffb9d9d5cb0a5cfd8802644b7b1c9a02e4/colorama-0.4.6.tar.gz", hash = "sha256:08695f5cb7ed6e0531a20572697297273c47b8cae5a63ffc6d6ed5c201be6e44", size = 27697, upload-time = "2022-10-25T02:36:22.414Z" }
wheels = [
    { url = "https://files.pythonhosted.org/packages/d1/d6/3965ed04c63042e047cb6a3e6ed1a63a35087b6a609aa3a15ed8ac56c221/colorama-0.4.6-py2.py3-none-any.whl", hash = "sha256:4f1d9991f5acc0ca119f9d443620b77f9d6b33703e51011c16baf57afb285fc6", size = 25335, upload-time = "2022-10-25T02:36:20.889Z" },
]

[[package]]
name = "geographiclib"
version = "2.1"
source = { registry = "https://pypi.org/simple" }
sdist = { url = "https://files.pythonhosted.org/packages/df/78/4892343230a9d29faa1364564e525307a37e54ad776ea62c12129dbba704/geographiclib-2.1.tar.gz", hash = "sha256:6a6545e6262d0ed3522e13c515713718797e37ed8c672c31ad7b249f372ef108", size = 37004, upload-time = "2025-08-21T21:34:26Z" }
wheels = [
    { url = "https://files.pythonhosted.org/packages/31/b3/802576f2ea5dcb48501bb162e4c7b7b3ca5654a42b2c968ef98a797a4c79/geographiclib-2.1-py3-none-any.whl", hash = "sha256:e2a873b9b9e7fc38721ad73d5f4e6c9ed140d428a339970f505c07056997d40b", size = 40740, upload-time = "2025-08-21T21:34:24.955Z" },
]

[[package]]
name = "geopy"
version = "2.4.1"
source = { registry = "https://pypi.org/simple" }
dependencies = [
    { name = "geographiclib" },
]
sdist = { url = "https://files.pythonhosted.org/packages/0e/fd/ef6d53875ceab72c1fad22dbed5ec1ad04eb378c2251a6a8024bad890c3b/geopy-2.4.1.tar.gz", hash = "sha256:50283d8e7ad07d89be5cb027338c6365a32044df3ae2556ad3f52f4840b3d0d1", size = 117625, upload-time = "2023-11-23T21:49:32.734Z" }
wheels = [
    { url = "https://files.pythonhosted.org/packages/e5/15/cf2a69ade4b194aa524ac75112d5caac37414b20a3a03e6865dfe0bd1539/geopy-2.4.1-py3-none-any.whl", hash = "sha256:ae8b4bc5c1131820f4d75fce9d4aaaca0c85189b3aa5d64c3dcaf5e3b7b882a7", size = 125437, upload-time = "2023-11-23T21:49:30.421Z" },
]

[[package]]
name = "iniconfig"
version = "2.3.0"
source = { registry = "https://pypi.org/simple" }
sdist = { url = "https://files.pythonhosted.org/packages/72/34/14ca021ce8e5dfedc35312d08ba8bf51fdd999c576889fc2c24cb97f4f10/iniconfig-2.3.0.tar.gz", hash = "sha256:c76315c77db068650d49c5b56314774a7804df16fee4402c1f19d6d15d8c4730", size = 20503, upload-time = "2025-10-18T21:55:43.219Z" }
wheels = [
    { url = "https://files.pythonhosted.org/packages/cb/b1/3846dd7f199d53cb17f49cba7e651e9ce294d8497c8c150530ed11865bb8/iniconfig-2.3.0-py3-none-any.whl", hash = "sha256:f631c04d2c48c52b84d0d0549c99ff3859c98df65b3101406327ecc7d53fbf12", size = 7484, upload-time = "2025-10-18T21:55:41.639Z" },
]

[[package]]
name = "mtl-park-map"
version = "0.1.0"
source = { editable = "." }
dependencies = [
    { name = "geopy" },
    { name = "polars" },
    { name = "pyside6-essentials" },
]

[package.dev-dependencies]
dev = [
    { name = "pytest" },
    { name = "pytest-qt" },
    { name = "ruff" },
    { name = "ty" },
]

[package.metadata]
requires-dist = [
    { name = "geopy", specifier = ">=2.4.1" },
    { name = "polars", specifier = ">=1.42.0" },
    { name = "pyside6-essentials", specifier = ">=6.10.0" },
]

[package.metadata.requires-dev]
dev = [
    { name = "pytest", specifier = ">=8.3" },
    { name = "pytest-qt", specifier = ">=4.4" },
    { name = "ruff", specifier = ">=0.14.6" },
    { name = "ty", specifier = ">=0.0.59" },
]

[[package]]
name = "packaging"
version = "25.0"
source = { registry = "https://pypi.org/simple" }
sdist = { url = "https://files.pythonhosted.org/packages/a1/d4/1fc4078c65507b51b96ca8f8c3ba19e6a61c8253c72794544580a7b6c24d/packaging-25.0.tar.gz", hash = "sha256:d443872c98d677bf60f6a1f2f8c1cb748e8fe762d2bf9d3148b5599295b0fc4f", size = 165727, upload-time = "2025-04-19T11:48:59.673Z" }
wheels = [
    { url = "https://files.pythonhosted.org/packages/20/12/38679034af332785aac8774540895e234f4d07f7545804097de4b666afd8/packaging-25.0-py3-none-any.whl", hash = "sha256:29572ef2b1f17581046b3a2227d5c611fb25ec70ca1ba8554b24b0e69331a484", size = 66469, upload-time = "2025-04-19T11:48:57.875Z" },
]

[[package]]
name = "pluggy"
version = "1.6.0"
source = { registry = "https://pypi.org/simple" }
sdist = { url = "https://files.pythonhosted.org/packages/f9/e2/3e91f31a7d2b083fe6ef3fa267035b518369d9511ffab804f839851d2779/pluggy-1.6.0.tar.gz", hash = "sha256:7dcc130b76258d33b90f61b658791dede3486c3e6bfb003ee5c9bfb396dd22f3", size = 69412, upload-time = "2025-05-15T12:30:07.975Z" }
wheels = [
    { url = "https://files.pythonhosted.org/packages/54/20/4d324d65cc6d9205fabedc306948156824eb9f0ee1633355a8f7ec5c66bf/pluggy-1.6.0-py3-none-any.whl", hash = "sha256:e920276dd6813095e9377c0bc5566d94c932c33b27a3e3945d8389c374dd4746", size = 20538, upload-time = "2025-05-15T12:30:06.134Z" },
]

[[package]]
name = "polars"
version = "1.42.0"
source = { registry = "https://pypi.org/simple" }
dependencies = [
    { name = "polars-runtime-32" },
]
sdist = { url = "https://files.pythonhosted.org/packages/cb/91/a1d7809a6d399f0aa78d4d3a4f4daf411cb97ccfe7f236c08a01be5fc8a5/polars-1.42.0.tar.gz", hash = "sha256:283ddc923e47857924fbef36580d2e98d984a47c962bae4cbce9c0ebcc98989c", size = 740984, upload-time = "2026-06-24T05:20:13.727Z" }
wheels = [
    { url = "https://files.pythonhosted.org/packages/08/4d/094819d251f2248999cb722125fd4e44ee79b753fe535338cbf442fbf45d/polars-1.42.0-py3-none-any.whl", hash = "sha256:ab10cac3f2d28a6e22e22bcac69c0e51fb33cd25aee1f45105782d4fe55a3e6a", size = 836855, upload-time = "2026-06-24T05:18:18.204Z" },
]

[[package]]
name = "polars-runtime-32"
version = "1.42.0"
source = { registry = "https://pypi.org/simple" }
sdist = { url = "https://files.pythonhosted.org/packages/05/67/20759e9abbc61910cf948f5c28986ab25ef9e8009099b469d64d6a34a478/polars_runtime_32-1.42.0.tar.gz", hash = "sha256:c927e1930881fe0bf9629d12e5d44ebd4ecef2bfa02374dfc79feaa24054394f", size = 3042711, upload-time = "2026-06-24T05:20:15.715Z" }
wheels = [
    { url = "https://files.pythonhosted.org/packages/1c/62/8b83fca67d478e4a2b88cbba2fbff4d533052938ff96d598b7915fd9d235/polars_runtime_32-1.42.0-cp310-abi3-macosx_10_12_x86_64.whl", hash = "sha256:d235a5e8349797c16b70ad573fb9ddbd7f162796884bcbd25260908f8408affc", size = 53112358, upload-time = "2026-06-24T05:18:22.275Z" },
    { url = "https://files.pythonhosted.org/packages/cf/72/06d3d78b7e8e8d3c72ea9eee310950334d50986462b3c1d40f82972495a5/polars_runtime_32-1.42.0-cp310-abi3-macosx_11_0_arm64.whl", hash = "sha256:e7923db3bcb57e0edecde3be28629e0411414a15ef1a4c10c783ac5eadab2e1e", size = 47443757, upload-time = "2026-06-24T05:18:26.326Z" },
    { url = "https://files.pythonhosted.org/packages/5a/77/20241aaf919a0f63b946fb702bc14447db290ef918e2c2943ed90d50fcc1/polars_runtime_32-1.42.0-cp310-abi3-manylinux_2_17_aarch64.manylinux2014_aarch64.whl", hash = "sha256:42e27e2eb5909abcedb4ab4cc04ee67c5ec2b73a5640ebd8739b1b719383fa68", size = 51360855, upload-time = "2026-06-24T05:18:30.709Z" },
    { url = "https://files.pythonhosted.org/packages/46/5c/ca14606a42628b04d82ac6ae5742ed24048bd43fbf48ae87fc4f4b9e759d/polars_runtime_32-1.42.0-cp310-abi3-manylinux_2_17_x86_64.manylinux2014_x86_64.whl", hash = "sha256:1a3c43d4a76360bf912f8772b5ac1c23d5a8efef71408c63bba1bb0b4897a8ea", size = 57299346, upload-time = "2026-06-24T05:18:35.374Z" },
    { url = "https://files.pythonhosted.org/packages/9c/af/3ad0de43bbb97e91d605d7d76acb30be36269b8a8402890ab4f9892b6e26/polars_runtime_32-1.42.0-cp310-abi3-musllinux_1_2_aarch64.whl", hash = "sha256:542a77b2b969e5157939bfb76cd0f372c4f42db6ccd58636fcefe0011162a418", size = 51512143, upload-time = "2026-06-24T05:18:39.771Z" },
    { url = "https://files.pythonhosted.org/packages/b2/a5/d1133ba9d005532a6fb94544f5da09e497a8fe42c04e37c3da6faa80bd67/polars_runtime_32-1.42.0-cp310-abi3-musllinux_1_2_x86_64.whl", hash = "sha256:a13949abfce319de7fc4c1abee43bc9d4a4ed4d96bcc1a6037d022e4e9561d9f", size = 55214521, upload-time = "2026-06-24T05:18:43.916Z" },
    { url = "https://files.pythonhosted.org/packages/bd/54/0b8355ab29669560608b2864a5e54674dd78bbd48c04976607516e081107/polars_runtime_32-1.42.0-cp310-abi3-win_amd64.whl", hash = "sha256:91a07bd852c1d1ea19b3e27c974bc7b1b29ac948fdb2e785da3a6ec0f0683cad", size = 52718509, upload-time = "2026-06-24T05:18:48.202Z" },
    { url = "https://files.pythonhosted.org/packages/bf/b9/7c46fdbd1dbbaaf77f9512d7665609d7e4c4d8c8849edb9a16c471041075/polars_runtime_32-1.42.0-cp310-abi3-win_arm64.whl", hash = "sha256:b7c5d7721b7bb2563d72785050ac099da1e2000d412f9c72a0cfb7b07779e75d", size = 46728464, upload-time = "2026-06-24T05:18:52.505Z" },
]

[[package]]
name = "pygments"
version = "2.19.2"
source = { registry = "https://pypi.org/simple" }
sdist = { url = "https://files.pythonhosted.org/packages/b0/77/a5b8c569bf593b0140bde72ea885a803b82086995367bf2037de0159d924/pygments-2.19.2.tar.gz", hash = "sha256:636cb2477cec7f8952536970bc533bc43743542f70392ae026374600add5b887", size = 4968631, upload-time = "2025-06-21T13:39:12.283Z" }
wheels = [
    { url = "https://files.pythonhosted.org/packages/c7/21/705964c7812476f378728bdf590ca4b771ec72385c533964653c68e86bdc/pygments-2.19.2-py3-none-any.whl", hash = "sha256:86540386c03d588bb81d44bc3928634ff26449851e99741617ecb9037ee5ec0b", size = 1225217, upload-time = "2025-06-21T13:39:07.939Z" },
]

[[package]]
name = "pyside6-essentials"
version = "6.10.0"
source = { registry = "https://pypi.org/simple" }
dependencies = [
    { name = "shiboken6" },
]
wheels = [
    { url = "https://files.pythonhosted.org/packages/e5/55/bad02ab890c8b8101abef0db4a2e5304be78a69e23a438e4d8555b664467/pyside6_essentials-6.10.0-cp39-abi3-macosx_13_0_universal2.whl", hash = "sha256:003e871effe1f3e5b876bde715c15a780d876682005a6e989d89f48b8b93e93a", size = 105034090, upload-time = "2025-10-08T09:48:24.944Z" },
    { url = "https://files.pythonhosted.org/packages/5c/75/e17efc7eb900993e0e3925885635c6cf373c817196f09bcbcc102b00ac94/pyside6_essentials-6.10.0-cp39-abi3-manylinux_2_34_x86_64.whl", hash = "sha256:1d5e013a8698e37ab8ef360e6960794eb5ef20832a8d562e649b8c5a0574b2d8", size = 76362150, upload-time = "2025-10-08T09:48:31.849Z" },
    { url = "https://files.pythonhosted.org/packages/06/62/fbd1e81caafcda97b147c03f5b06cfaadd8da5fa8298f527d2ec648fa5b7/pyside6_essentials-6.10.0-cp39-abi3-manylinux_2_39_aarch64.whl", hash = "sha256:b1dd0864f0577a448fb44426b91cafff7ee7cccd1782ba66491e1c668033f998", size = 75454169, upload-time = "2025-10-08T09:48:38.21Z" },
    { url = "https://files.pythonhosted.org/packages/bb/3a/d8211d17e6ca70f641c6ebd309f08ef18930acda60e74082c75875a274da/pyside6_essentials-6.10.0-cp39-abi3-win_amd64.whl", hash = "sha256:fc167eb211dd1580e20ba90d299e74898e7a5a1306d832421e879641fc03b6fe", size = 74361794, upload-time = "2025-10-08T09:48:44.335Z" },
    { url = "https://files.pythonhosted.org/packages/61/e9/0e22e3c10325c4ff09447fadb43f7962afb82cef0b65358f5704251c6b32/pyside6_essentials-6.10.0-cp39-abi3-win_arm64.whl", hash = "sha256:6dd0936394cb14da2fd8e869899f5e0925a738b1c8d74c2f22503720ea363fb1", size = 55099467, upload-time = "2025-10-08T09:48:50.902Z" },
]

[[package]]
name = "pytest"
version = "9.1.1"
source = { registry = "https://pypi.org/simple" }
dependencies = [
    { name = "colorama", marker = "sys_platform == 'win32'" },
    { name = "iniconfig" },
    { name = "packaging" },
    { name = "pluggy" },
    { name = "pygments" },
]
sdist = { url = "https://files.pythonhosted.org/packages/e4/47/b9efed96c114afcfa3c9d3fe98a76a1d14c74a9e266d397cf6eb64be5e01/pytest-9.1.1.tar.gz", hash = "sha256:1088fbde8f2b49d95a549a195707afa7a76a3ce9bcadc26b6d71f0ffda5fe313", size = 1636369, upload-time = "2026-06-19T10:58:32.857Z" }
wheels = [
    { url = "https://files.pythonhosted.org/packages/24/25/1de2678b631f5a49215c6c96fff41ba892b0a34df68d6d80292b1b48aa7f/pytest-9.1.1-py3-none-any.whl", hash = "sha256:37a86b45efb9a47a61a36449063e8e18d0cab3161329fc099eb21783169c4f0c", size = 386536, upload-time = "2026-06-19T10:58:31.347Z" },
]

[[package]]
name = "pytest-qt"
version = "4.5.0"
source = { registry = "https://pypi.org/simple" }
dependencies = [
    { name = "pluggy" },
    { name = "pytest" },
    { name = "typing-extensions" },
]
sdist = { url = "https://files.pythonhosted.org/packages/d3/61/8bdec02663c18bf5016709b909411dce04a868710477dc9b9844ffcf8dd2/pytest_qt-4.5.0.tar.gz", hash = "sha256:51620e01c488f065d2036425cbc1cbcf8a6972295105fd285321eb47e66a319f", size = 128702, upload-time = "2025-07-01T17:24:39.889Z" }
wheels = [
    { url = "https://files.pythonhosted.org/packages/cc/d0/8339b888ad64a3d4e508fed8245a402b503846e1972c10ad60955883dcbb/pytest_qt-4.5.0-py3-none-any.whl", hash = "sha256:ed21ea9b861247f7d18090a26bfbda8fb51d7a8a7b6f776157426ff2ccf26eff", size = 37214, upload-time = "2025-07-01T17:24:38.226Z" },
]

[[package]]
name = "ruff"
version = "0.14.6"
source = { registry = "https://pypi.org/simple" }
sdist = { url = "https://files.pythonhosted.org/packages/52/f0/62b5a1a723fe183650109407fa56abb433b00aa1c0b9ba555f9c4efec2c6/ruff-0.14.6.tar.gz", hash = "sha256:6f0c742ca6a7783a736b867a263b9a7a80a45ce9bee391eeda296895f1b4e1cc", size = 5669501, upload-time = "2025-11-21T14:26:17.903Z" }
wheels = [
    { url = "https://files.pythonhosted.org/packages/67/d2/7dd544116d107fffb24a0064d41a5d2ed1c9d6372d142f9ba108c8e39207/ruff-0.14.6-py3-none-linux_armv6l.whl", hash = "sha256:d724ac2f1c240dbd01a2ae98db5d1d9a5e1d9e96eba999d1c48e30062df578a3", size = 13326119, upload-time = "2025-11-21T14:25:24.2Z" },
    { url = "https://files.pythonhosted.org/packages/36/6a/ad66d0a3315d6327ed6b01f759d83df3c4d5f86c30462121024361137b6a/ruff-0.14.6-py3-none-macosx_10_12_x86_64.whl", hash = "sha256:9f7539ea257aa4d07b7ce87aed580e485c40143f2473ff2f2b75aee003186004", size = 13526007, upload-time = "2025-11-21T14:25:26.906Z" },
    { url = "https://files.pythonhosted.org/packages/a3/9d/dae6db96df28e0a15dea8e986ee393af70fc97fd57669808728080529c37/ruff-0.14.6-py3-none-macosx_11_0_arm64.whl", hash = "sha256:7f6007e55b90a2a7e93083ba48a9f23c3158c433591c33ee2e99a49b889c6332", size = 12676572, upload-time = "2025-11-21T14:25:29.826Z" },
    { url = "https://files.pythonhosted.org/packages/76/a4/f319e87759949062cfee1b26245048e92e2acce900ad3a909285f9db1859/ruff-0.14.6-py3-none-manylinux_2_17_aarch64.manylinux2014_aarch64.whl", hash = "sha256:0a8e7b9d73d8728b68f632aa8e824ef041d068d231d8dbc7808532d3629a6bef", size = 13140745, upload-time = "2025-11-21T14:25:32.788Z" },
    { url = "https://files.pythonhosted.org/packages/95/d3/248c1efc71a0a8ed4e8e10b4b2266845d7dfc7a0ab64354afe049eaa1310/ruff-0.14.6-py3-none-manylinux_2_17_armv7l.manylinux2014_armv7l.whl", hash = "sha256:d50d45d4553a3ebcbd33e7c5e0fe6ca4aafd9a9122492de357205c2c48f00775", size = 13076486, upload-time = "2025-11-21T14:25:35.601Z" },
    { url = "https://files.pythonhosted.org/packages/a5/19/b68d4563fe50eba4b8c92aa842149bb56dd24d198389c0ed12e7faff4f7d/ruff-0.14.6-py3-none-manylinux_2_17_i686.manylinux2014_i686.whl", hash = "sha256:118548dd121f8a21bfa8ab2c5b80e5b4aed67ead4b7567790962554f38e598ce", size = 13727563, upload-time = "2025-11-21T14:25:38.514Z" },
    { url = "https://files.pythonhosted.org/packages/47/ac/943169436832d4b0e867235abbdb57ce3a82367b47e0280fa7b4eabb7593/ruff-0.14.6-py3-none-manylinux_2_17_ppc64.manylinux2014_ppc64.whl", hash = "sha256:57256efafbfefcb8748df9d1d766062f62b20150691021f8ab79e2d919f7c11f", size = 15199755, upload-time = "2025-11-21T14:25:41.516Z" },
    { url = "https://files.pythonhosted.org/packages/c9/b9/288bb2399860a36d4bb0541cb66cce3c0f4156aaff009dc8499be0c24bf2/ruff-0.14.6-py3-none-manylinux_2_17_ppc64le.manylinux2014_ppc64le.whl", hash = "sha256:ff18134841e5c68f8e5df1999a64429a02d5549036b394fafbe410f886e1989d", size = 14850608, upload-time = "2025-11-21T14:25:44.428Z" },
    { url = "https://files.pythonhosted.org/packages/ee/b1/a0d549dd4364e240f37e7d2907e97ee80587480d98c7799d2d8dc7a2f605/ruff-0.14.6-py3-none-manylinux_2_17_s390x.manylinux2014_s390x.whl", hash = "sha256:29c4b7ec1e66a105d5c27bd57fa93203637d66a26d10ca9809dc7fc18ec58440", size = 14118754, upload-time = "2025-11-21T14:25:47.214Z" },
    { url = "https://files.pythonhosted.org/packages/13/ac/9b9fe63716af8bdfddfacd0882bc1586f29985d3b988b3c62ddce2e202c3/ruff-0.14.6-py3-none-manylinux_2_17_x86_64.manylinux2014_x86_64.whl", hash = "sha256:167843a6f78680746d7e226f255d920aeed5e4ad9c03258094a2d49d3028b105", size = 13949214, upload-time = "2025-11-21T14:25:50.002Z" },
    { url = "https://files.pythonhosted.org/packages/12/27/4dad6c6a77fede9560b7df6802b1b697e97e49ceabe1f12baf3ea20862e9/ruff-0.14.6-py3-none-manylinux_2_31_riscv64.whl", hash = "sha256:16a33af621c9c523b1ae006b1b99b159bf5ac7e4b1f20b85b2572455018e0821", size = 14106112, upload-time = "2025-11-21T14:25:52.841Z" },
    { url = "https://files.pythonhosted.org/packages/6a/db/23e322d7177873eaedea59a7932ca5084ec5b7e20cb30f341ab594130a71/ruff-0.14.6-py3-none-musllinux_1_2_aarch64.whl", hash = "sha256:1432ab6e1ae2dc565a7eea707d3b03a0c234ef401482a6f1621bc1f427c2ff55", size = 13035010, upload-time = "2025-11-21T14:25:55.536Z" },
    { url = "https://files.pythonhosted.org/packages/a8/9c/20e21d4d69dbb35e6a1df7691e02f363423658a20a2afacf2a2c011800dc/ruff-0.14.6-py3-none-musllinux_1_2_armv7l.whl", hash = "sha256:4c55cfbbe7abb61eb914bfd20683d14cdfb38a6d56c6c66efa55ec6570ee4e71", size = 13054082, upload-time = "2025-11-21T14:25:58.625Z" },
    { url = "https://files.pythonhosted.org/packages/66/25/906ee6a0464c3125c8d673c589771a974965c2be1a1e28b5c3b96cb6ef88/ruff-0.14.6-py3-none-musllinux_1_2_i686.whl", hash = "sha256:efea3c0f21901a685fff4befda6d61a1bf4cb43de16da87e8226a281d614350b", size = 13303354, upload-time = "2025-11-21T14:26:01.816Z" },
    { url = "https://files.pythonhosted.org/packages/4c/58/60577569e198d56922b7ead07b465f559002b7b11d53f40937e95067ca1c/ruff-0.14.6-py3-none-musllinux_1_2_x86_64.whl", hash = "sha256:344d97172576d75dc6afc0e9243376dbe1668559c72de1864439c4fc95f78185", size = 14054487, upload-time = "2025-11-21T14:26:05.058Z" },
    { url = "https://files.pythonhosted.org/packages/67/0b/8e4e0639e4cc12547f41cb771b0b44ec8225b6b6a93393176d75fe6f7d40/ruff-0.14.6-py3-none-win32.whl", hash = "sha256:00169c0c8b85396516fdd9ce3446c7ca20c2a8f90a77aa945ba6b8f2bfe99e85", size = 13013361, upload-time = "2025-11-21T14:26:08.152Z" },
    { url = "https://files.pythonhosted.org/packages/fb/02/82240553b77fd1341f80ebb3eaae43ba011c7a91b4224a9f317d8e6591af/ruff-0.14.6-py3-none-win_amd64.whl", hash = "sha256:390e6480c5e3659f8a4c8d6a0373027820419ac14fa0d2713bd8e6c3e125b8b9", size = 14432087, upload-time = "2025-11-21T14:26:10.891Z" },
    { url = "https://files.pythonhosted.org/packages/a5/1f/93f9b0fad9470e4c829a5bb678da4012f0c710d09331b860ee555216f4ea/ruff-0.14.6-py3-none-win_arm64.whl", hash = "sha256:d43c81fbeae52cfa8728d8766bbf46ee4298c888072105815b392da70ca836b2", size = 13520930, upload-time = "2025-11-21T14:26:13.951Z" },
]

[[package]]
name = "shiboken6"
version = "6.10.0"
source = { registry = "https://pypi.org/simple" }
wheels = [
    { url = "https://files.pythonhosted.org/packages/fd/78/3e730aea82089dd82b1e092bc265778bda329459e6ad9b7134eec5fff3f2/shiboken6-6.10.0-cp39-abi3-macosx_13_0_universal2.whl", hash = "sha256:7a5f5f400ebfb3a13616030815708289c2154e701a60b9db7833b843e0bee543", size = 476535, upload-time = "2025-10-08T09:49:08Z" },
    { url = "https://files.pythonhosted.org/packages/ea/09/4ffa3284a17b6b765d45b41c9a7f1b2cde6c617c853ac6f170fb62bbbece/shiboken6-6.10.0-cp39-abi3-manylinux_2_34_x86_64.whl", hash = "sha256:e612734da515d683696980107cdc0396a3ae0f07b059f0f422ec8a2333810234", size = 271098, upload-time = "2025-10-08T09:49:09.47Z" },
    { url = "https://files.pythonhosted.org/packages/31/29/00e26f33a0fb259c2edce9c761a7a438d7531ca514bdb1a4c072673bd437/shiboken6-6.10.0-cp39-abi3-manylinux_2_39_aarch64.whl", hash = "sha256:b01377e68d14132360efb0f4b7233006d26aa8ae9bb50edf00960c2a5f52d148", size = 267698, upload-time = "2025-10-08T09:49:10.694Z" },
    { url = "https://files.pythonhosted.org/packages/11/30/e4624a7e3f0dc9796b701079b77defcce0d32d1afc86bb1d0df04bc3d9e2/shiboken6-6.10.0-cp39-abi3-win_amd64.whl", hash = "sha256:0bc5631c1bf150cbef768a17f5f289aae1cb4db6c6b0c19b2421394e27783717", size = 1234227, upload-time = "2025-10-08T09:49:12.774Z" },
    { url = "https://files.pythonhosted.org/packages/dd/e5/0ab862005ea87dc8647ba958a3099b3b0115fd6491c65da5c5a0f6364db1/shiboken6-6.10.0-cp39-abi3-win_arm64.whl", hash = "sha256:dfc4beab5fec7dbbebbb418f3bf99af865d6953aa0795435563d4cbb82093b61", size = 1794775, upload-time = "2025-10-08T09:49:14.641Z" },
]

[[package]]
name = "ty"
version = "0.0.59"
source = { registry = "https://pypi.org/simple" }
sdist = { url = "https://files.pythonhosted.org/packages/95/b0/84ae7b3bf6e3e9f57eb9635eeff5a80b36e57aa089f40be0fb5c384fa176/ty-0.0.59.tar.gz", hash = "sha256:53e53ffeed78ad59cd237fa8ea1316d2b94e13efdea9a945698acab549e005aa", size = 6145435, upload-time = "2026-07-12T20:22:02.781Z" }
wheels = [
    { url = "https://files.pythonhosted.org/packages/57/e8/650b42fbef4d48e6ca682b0b6e9b68fa8fcf55cbb0a6892ab89990018b6f/ty-0.0.59-py3-none-linux_armv6l.whl", hash = "sha256:f8fb08a767ef8f11ea3c537b9d77860726cc2bc39e6f77ad13c02d5b289f20a7", size = 11700328, upload-time = "2026-07-12T20:21:26.046Z" },
    { url = "https://files.pythonhosted.org/packages/22/ac/0ca3a89d5f59ae5f308e5e83428cac5f9143200767743e052fba90b4b81e/ty-0.0.59-py3-none-macosx_10_12_x86_64.whl", hash = "sha256:c7f4d5630836c8a0ba13dd4ac7bdae080a7d6ebe965b817ff642dc961bcf2a53", size = 11494310, upload-time = "2026-07-12T20:21:28.491Z" },
    { url = "https://files.pythonhosted.org/packages/f3/f8/5076de6001cefbccd8e6dc8472262697e43308ff66b0e87c72abba136357/ty-0.0.59-py3-none-macosx_11_0_arm64.whl", hash = "sha256:872f6fb02c6db5553c4d5fb283b3d50f0985fb9a29a910e4fda4793a775c1926", size = 11026797, upload-time = "2026-07-12T20:21:30.879Z" },
    { url = "https://files.pythonhosted.org/packages/2e/0f/fca28481b6a138e2b798ad9fdc98a095475f9104948ba242fce4b477782b/ty-0.0.59-py3-none-manylinux_2_17_aarch64.manylinux2014_aarch64.whl", hash = "sha256:2af8eefbfe806337770eec12c0c819c5f1b8f5b85f8369cb1cc9fa25234a2208", size = 11475304, upload-time = "2026-07-12T20:21:33.041Z" },
    { url = "https://files.pythonhosted.org/packages/08/4b/1fed8b81b389ef4bbc0400f19e05fc16496b162577779dc0e5fc65ac216c/ty-0.0.59-py3-none-manylinux_2_17_armv7l.manylinux2014_armv7l.whl", hash = "sha256:0acf8b76a1c9a7ddef460b42475f6c76193164426ab080783af1c3175b4b999b", size = 11533131, upload-time = "2026-07-12T20:21:35.189Z" },
    { url = "https://files.pythonhosted.org/packages/5f/fc/04eec35e05a10e0fea1c6503a290ccc3935efda9c845aff64e83282c1af7/ty-0.0.59-py3-none-manylinux_2_17_i686.manylinux2014_i686.whl", hash = "sha256:043c2e00eb1d7475f928af7dedd71f69b64e69bfca55e36f4c968479e1373fc4", size = 12205932, upload-time = "2026-07-12T20:21:37.324Z" },
    { url = "https://files.pythonhosted.org/packages/a9/dd/a61de859659fa11b55917ad38340a8f2c61f5ae17d1874929f29084c6990/ty-0.0.59-py3-none-manylinux_2_17_ppc64le.manylinux2014_ppc64le.whl", hash = "sha256:f0d688d857441df57f48fca66c029d85cf737c510e7be1d01144cdad1e58d968", size = 12758406, upload-time = "2026-07-12T20:21:39.525Z" },
    { url = "https://files.pythonhosted.org/packages/c6/e8/fa66f05997eab8ca75fc4f17320140e25467849e0cc75597f898cc22099c/ty-0.0.59-py3-none-manylinux_2_17_s390x.manylinux2014_s390x.whl", hash = "sha256:a96c9f88394a3b42c737e2125b2330543f0d90a43b49761f377d96f8c3ee0d62", size = 12288176, upload-time = "2026-07-12T20:21:41.784Z" },
    { url = "https://files.pythonhosted.org/packages/15/68/0fca59963bd5123f42d5f7da50667e7a52e8e9615e3a16d8c2c0d3b2d143/ty-0.0.59-py3-none-manylinux_2_17_x86_64.manylinux2014_x86_64.whl", hash = "sha256:f08dbcb268edcafcb152e59475b5b495ce28d0b340a395c09943557678f4d5a6", size = 12028471, upload-time = "2026-07-12T20:21:43.82Z" },
    { url = "https://files.pythonhosted.org/packages/e1/5b/cd7dabbbab392578f11179919da5c25d8c3322e5388a688f539ea0539603/ty-0.0.59-py3-none-manylinux_2_31_riscv64.whl", hash = "sha256:8812764b9a40fdc98df1272826e73a298ef56b06681135e643bcf90aad1896f7", size = 12297646, upload-time = "2026-07-12T20:21:45.76Z" },
    { url = "https://files.pythonhosted.org/packages/1d/37/2e9c94f0b383d8cbe1a35517ab470b7810bc9d7501603ab532bcd5be5e90/ty-0.0.59-py3-none-musllinux_1_2_aarch64.whl", hash = "sha256:fd53b8581641d8dad7bfac6d5ea589e91a883d6837e0b9a286fdae30722b7c69", size = 11432519, upload-time = "2026-07-12T20:21:47.694Z" },
    { url = "https://files.pythonhosted.org/packages/9d/0a/af93e9785200f11ac416cc20235fc2464c9bd978e791190684ea0e458795/ty-0.0.59-py3-none-musllinux_1_2_armv7l.whl", hash = "sha256:86da5872124a41877d95058bc17d33ddcff034b587eb5f1e2917ab88ba227dac", size = 11554993, upload-time = "2026-07-12T20:21:49.671Z" },
    { url = "https://files.pythonhosted.org/packages/4b/dd/651bf87e20d00376c81b19124756491cffaf20eb8bec05a8794e5a8cf641/ty-0.0.59-py3-none-musllinux_1_2_i686.whl", hash = "sha256:6a233eef5f2fd4d894881e4a0aec83c9f172bfae1d787d6596ee1939fcc7723e", size = 11818230, upload-time = "2026-07-12T20:21:51.659Z" },
    { url = "https://files.pythonhosted.org/packages/16/50/c947c4155fea751d135b19affdf734bbce72a94e446b866cf0c62f8bed69/ty-0.0.59-py3-none-musllinux_1_2_x86_64.whl", hash = "sha256:7ff678c18b5f1e3128b75a35e50dee7908dea55155baa31cd790619d5014cbf5", size = 12135194, upload-time = "2026-07-12T20:21:53.796Z" },
    { url = "https://files.pythonhosted.org/packages/b1/13/e5feb138888de1e95037c843571bbbd4ac21bf0a190507468098599a321f/ty-0.0.59-py3-none-win32.whl", hash = "sha256:cf8abb4b8095c5fe39102b8127f5886db308c8d4600909ddbc905512ce9c8163", size = 11179249, upload-time = "2026-07-12T20:21:55.752Z" },
    { url = "https://files.pythonhosted.org/packages/76/dd/52914dcbeeba92c207de40ef7109a58dcb5527aeb21c8f8feb7402aa9e29/ty-0.0.59-py3-none-win_amd64.whl", hash = "sha256:1dde20a82243d24407869e5a608c2f15efddd5cefc662aef461a5af84bfb3f8b", size = 12251079, upload-time = "2026-07-12T20:21:58.1Z" },
    { url = "https://files.pythonhosted.org/packages/d4/8f/ac36fde77e223297454c1e0aeb8888c169eaacf3163bb609e3af942c88cb/ty-0.0.59-py3-none-win_arm64.whl", hash = "sha256:987043ee9e021f49493d9135891ac69c1affeee0d4ad4480c5fa4d9c975fc91b", size = 11650921, upload-time = "2026-07-12T20:22:00.348Z" },
]

[[package]]
name = "typing-extensions"
version = "4.15.0"
source = { registry = "https://pypi.org/simple" }
sdist = { url = "https://files.pythonhosted.org/packages/72/94/1a15dd82efb362ac84269196e94cf00f187f7ed21c242792a923cdb1c61f/typing_extensions-4.15.0.tar.gz", hash = "sha256:0cea48d173cc12fa28ecabc3b837ea3cf6f38c6d1136f85cbaaf598984861466", size = 109391, upload-time = "2025-08-25T13:49:26.313Z" }
wheels = [
    { url = "https://files.pythonhosted.org/packages/18/67/36e9267722cc04a6b9f15c7f3441c2363321a3ea07da7ae0c0707beb2a9c/typing_extensions-4.15.0-py3-none-any.whl", hash = "sha256:f0fa19c6845758ab08074a0cfa8b7aecb71c999ca73d62883bc25cc018c4e548", size = 44614, upload-time = "2025-08-25T13:49:24.86Z" },
]
